{
    "_readme": [
        "This file locks the dependencies of your project to a known state",
        "Read more about it at http://getcomposer.org/doc/01-basic-usage.md#composer-lock-the-lock-file",
        "This file is @generated automatically"
    ],
    "hash": "98788daa4091dd9fd1948c5e717c1843",
    "packages": [
        {
            "name": "ccmbenchmark/ting",
            "version": "1.1.0",
            "source": {
                "type": "git",
                "url": "git@bitbucket.org:ccmbenchmark/ting.git",
                "reference": "8c7c74c9f731e945a3bfe05f4779b257ee68d8d0"
            },
            "require": {
                "php": ">=5.4",
                "pimple/pimple": "3.0.0"
            },
            "require-dev": {
                "atoum/atoum": "dev-master"
            },
            "type": "library",
            "autoload": {
                "psr-4": {
                    "CCMBenchmark\\Ting\\": "src/Ting/"
                }
            },
            "license": [
                "Apache-2.0"
            ],
            "description": "Ting : a lightweight datamapper",
            "time": "2014-12-15 08:50:07"
        },
        {
            "name": "pimple/pimple",
            "version": "v3.0.0",
            "source": {
                "type": "git",
                "url": "https://github.com/silexphp/Pimple.git",
                "reference": "876bf0899d01feacd2a2e83f04641e51350099ef"
            },
            "dist": {
                "type": "zip",
                "url": "https://api.github.com/repos/silexphp/Pimple/zipball/876bf0899d01feacd2a2e83f04641e51350099ef",
                "reference": "876bf0899d01feacd2a2e83f04641e51350099ef",
                "shasum": ""
            },
            "require": {
                "php": ">=5.3.0"
            },
            "type": "library",
            "extra": {
                "branch-alias": {
                    "dev-master": "3.0.x-dev"
                }
            },
            "autoload": {
                "psr-0": {
                    "Pimple": "src/"
                }
            },
            "notification-url": "https://packagist.org/downloads/",
            "license": [
                "MIT"
            ],
            "authors": [
                {
                    "name": "Fabien Potencier",
                    "email": "fabien@symfony.com"
                }
            ],
            "description": "Pimple is a simple Dependency Injection Container for PHP 5.3",
            "homepage": "http://pimple.sensiolabs.org",
            "keywords": [
                "container",
                "dependency injection"
            ],
            "time": "2014-07-24 09:48:15"
        }
    ],
    "packages-dev": [],
    "aliases": [],
    "minimum-stability": "stable",
    "stability-flags": [],
    "prefer-stable": false,
    "prefer-lowest": false,
    "platform": {
        "php": ">=5.4"
    },
    "platform-dev": []
}
